<?xml version="1.0" encoding="utf-8"?>
<Project ToolsVersion="4.0" xmlns="http://schemas.microsoft.com/developer/msbuild/2003">
  <ItemGroup>
    <Filter Include="源文件">
      <UniqueIdentifier>{4FC737F1-C7A5-4376-A066-2A32D752A2FF}</UniqueIdentifier>
      <Extensions>cpp;c;cc;cxx;def;odl;idl;hpj;bat;asm;asmx</Extensions>
    </Filter>
    <Filter Include="头文件">
      <UniqueIdentifier>{93995380-89BD-4b04-88EB-625FBE52EBFB}</UniqueIdentifier>
      <Extensions>h;hh;hpp;hxx;hm;inl;inc;xsd</Extensions>
    </Filter>
    <Filter Include="资源文件">
      <UniqueIdentifier>{67DA6AB6-F800-4c08-8B7A-83BB121AAD01}</UniqueIdentifier>
      <Extensions>rc;ico;cur;bmp;dlg;rc2;rct;bin;rgs;gif;jpg;jpeg;jpe;resx;tiff;tif;png;wav;mfcribbon-ms</Extensions>
    </Filter>
    <Filter Include="头文件\ui">
      <UniqueIdentifier>{413ce81d-e4c3-46a5-b01a-900e978d60a4}</UniqueIdentifier>
    </Filter>
    <Filter Include="源文件\ui">
      <UniqueIdentifier>{76fe1797-bbb6-446f-9a76-8709130573c3}</UniqueIdentifier>
    </Filter>
    <Filter Include="头文件\modal">
      <UniqueIdentifier>{c685ab01-60f1-4f28-af5e-062062cc63e9}</UniqueIdentifier>
    </Filter>
    <Filter Include="源文件\modal">
      <UniqueIdentifier>{b6740fd3-21ef-46cc-a501-466a9e6c9a4f}</UniqueIdentifier>
    </Filter>
  </ItemGroup>
  <ItemGroup>
    <ClCompile Include="stdafx.cpp">
      <Filter>源文件</Filter>
    </ClCompile>
    <ClCompile Include="ui\ChildFrm.cpp">
      <Filter>源文件\ui</Filter>
    </ClCompile>
    <ClCompile Include="ui\MainFrm.cpp">
      <Filter>源文件\ui</Filter>
    </ClCompile>
    <ClCompile Include="ui\PluginApp.cpp">
      <Filter>源文件\ui</Filter>
    </ClCompile>
    <ClCompile Include="ui\WatchWnd.cpp">
      <Filter>源文件\ui</Filter>
    </ClCompile>
    <ClCompile Include="ui\PluginAppDoc.cpp">
      <Filter>源文件\ui</Filter>
    </ClCompile>
    <ClCompile Include="ui\PluginAppView.cpp">
      <Filter>源文件\ui</Filter>
    </ClCompile>
    <ClCompile Include="main.cpp">
      <Filter>源文件</Filter>
    </ClCompile>
    <ClCompile Include="modal\InstructionMemo.cpp">
      <Filter>源文件\modal</Filter>
    </ClCompile>
  </ItemGroup>
  <ItemGroup>
    <ClInclude Include="stdafx.h">
      <Filter>头文件</Filter>
    </ClInclude>
    <ClInclude Include="targetver.h">
      <Filter>头文件</Filter>
    </ClInclude>
    <ClInclude Include="ui\ChildFrm.h">
      <Filter>头文件\ui</Filter>
    </ClInclude>
    <ClInclude Include="ui\MainFrm.h">
      <Filter>头文件\ui</Filter>
    </ClInclude>
    <ClInclude Include="ui\PluginApp.h">
      <Filter>头文件\ui</Filter>
    </ClInclude>
    <ClInclude Include="Resource.h">
      <Filter>头文件</Filter>
    </ClInclude>
    <ClInclude Include="ui\WatchWnd.h">
      <Filter>头文件\ui</Filter>
    </ClInclude>
    <ClInclude Include="ui\PluginAppDoc.h">
      <Filter>头文件\ui</Filter>
    </ClInclude>
    <ClInclude Include="ui\PluginAppView.h">
      <Filter>头文件\ui</Filter>
    </ClInclude>
    <ClInclude Include="main.h">
      <Filter>头文件</Filter>
    </ClInclude>
    <ClInclude Include="modal\InstructionMemo.h">
      <Filter>头文件\modal</Filter>
    </ClInclude>
  </ItemGroup>
  <ItemGroup>
    <ResourceCompile Include="Resource.rc">
      <Filter>资源文件</Filter>
    </ResourceCompile>
  </ItemGroup>
  <ItemGroup>
    <Image Include="icon1.ico">
      <Filter>资源文件</Filter>
    </Image>
    <Image Include="res\MFCApplication1.ico">
      <Filter>资源文件</Filter>
    </Image>
    <Image Include="res\icon1.ico">
      <Filter>资源文件</Filter>
    </Image>
    <Image Include="res\Toolbar.bmp">
      <Filter>资源文件</Filter>
    </Image>
  </ItemGroup>
</Project>